
Microsoft Visual Studio Solution File, Format Version 12.00
# Visual Studio Version 17
VisualStudioVersion = 17.11.35208.52
MinimumVisualStudioVersion = 10.0.40219.1
Project("{9A19103F-16F7-4668-BE54-9A1E7A4F7556}") = "RealState.UI", "RealState.UI\RealState.UI.csproj", "{51BBF5B8-F79B-499D-8F93-4F38DB5624DE}"
EndProject
Project("{9A19103F-16F7-4668-BE54-9A1E7A4F7556}") = "RealState.Core", "RealState.Core\RealState.Core.csproj", "{DB20A734-4335-41CC-A821-7FA225A8C58E}"
EndProject
Project("{9A19103F-16F7-4668-BE54-9A1E7A4F7556}") = "RealState.Service", "RealState.Service\RealState.Service.csproj", "{3A19290F-C698-4D72-844D-9BF504AD3350}"
EndProject
Project("{9A19103F-16F7-4668-BE54-9A1E7A4F7556}") = "RealState.Repository", "RealState.Repository\RealState.Repository.csproj", "{BF65B05A-DA3C-4932-B4D7-C16F26FACB46}"
EndProject
Project("{FAE04EC0-301F-11D3-BF4B-00C04F79EFBC}") = "RealState.Test", "RealState.Test\RealState.Test.csproj", "{D1C9534E-F024-4756-AB95-3C8D7589783E}"
EndProject
Global
	GlobalSection(SolutionConfigurationPlatforms) = preSolution
		Debug|Any CPU = Debug|Any CPU
		Release|Any CPU = Release|Any CPU
	EndGlobalSection
	GlobalSection(ProjectConfigurationPlatforms) = postSolution
		{51BBF5B8-F79B-499D-8F93-4F38DB5624DE}.Debug|Any CPU.ActiveCfg = Debug|Any CPU
		{51BBF5B8-F79B-499D-8F93-4F38DB5624DE}.Debug|Any CPU.Build.0 = Debug|Any CPU
		{51BBF5B8-F79B-499D-8F93-4F38DB5624DE}.Release|Any CPU.ActiveCfg = Release|Any CPU
		{51BBF5B8-F79B-499D-8F93-4F38DB5624DE}.Release|Any CPU.Build.0 = Release|Any CPU
		{DB20A734-4335-41CC-A821-7FA225A8C58E}.Debug|Any CPU.ActiveCfg = Debug|Any CPU
		{DB20A734-4335-41CC-A821-7FA225A8C58E}.Debug|Any CPU.Build.0 = Debug|Any CPU
		{DB20A734-4335-41CC-A821-7FA225A8C58E}.Release|Any CPU.ActiveCfg = Release|Any CPU
		{DB20A734-4335-41CC-A821-7FA225A8C58E}.Release|Any CPU.Build.0 = Release|Any CPU
		{3A19290F-C698-4D72-844D-9BF504AD3350}.Debug|Any CPU.ActiveCfg = Debug|Any CPU
		{3A19290F-C698-4D72-844D-9BF504AD3350}.Debug|Any CPU.Build.0 = Debug|Any CPU
		{3A19290F-C698-4D72-844D-9BF504AD3350}.Release|Any CPU.ActiveCfg = Release|Any CPU
		{3A19290F-C698-4D72-844D-9BF504AD3350}.Release|Any CPU.Build.0 = Release|Any CPU
		{BF65B05A-DA3C-4932-B4D7-C16F26FACB46}.Debug|Any CPU.ActiveCfg = Debug|Any CPU
		{BF65B05A-DA3C-4932-B4D7-C16F26FACB46}.Debug|Any CPU.Build.0 = Debug|Any CPU
		{BF65B05A-DA3C-4932-B4D7-C16F26FACB46}.Release|Any CPU.ActiveCfg = Release|Any CPU
		{BF65B05A-DA3C-4932-B4D7-C16F26FACB46}.Release|Any CPU.Build.0 = Release|Any CPU
		{D1C9534E-F024-4756-AB95-3C8D7589783E}.Debug|Any CPU.ActiveCfg = Debug|Any CPU
		{D1C9534E-F024-4756-AB95-3C8D7589783E}.Debug|Any CPU.Build.0 = Debug|Any CPU
		{D1C9534E-F024-4756-AB95-3C8D7589783E}.Release|Any CPU.ActiveCfg = Release|Any CPU
		{D1C9534E-F024-4756-AB95-3C8D7589783E}.Release|Any CPU.Build.0 = Release|Any CPU
	EndGlobalSection
	GlobalSection(SolutionProperties) = preSolution
		HideSolutionNode = FALSE
	EndGlobalSection
	GlobalSection(ExtensibilityGlobals) = postSolution
		SolutionGuid = {1D386A8F-9529-426F-B157-3AE2E0EA7562}
	EndGlobalSection
EndGlobal
